
Microsoft Visual Studio Solution File, Format Version 12.00
# Visual Studio Version 17
VisualStudioVersion = 17.0.31903.59
MinimumVisualStudioVersion = 10.0.40219.1
Project("{2150E333-8FDC-42A3-9474-1A3956D46DE8}") = "services", "services", "{5854FF58-B8C5-05C6-5BF2-ACE42193F22B}"
EndProject
Project("{2150E333-8FDC-42A3-9474-1A3956D46DE8}") = "MoneyManager", "MoneyManager", "{38618EF1-5A56-9043-E3BF-A76200C35616}"
EndProject
Project("{FAE04EC0-301F-11D3-BF4B-00C04F79EFBC}") = "MoneyManager.API", "services\MoneyManager\MoneyManager.API\MoneyManager.API.csproj", "{53ADA169-8C1D-4223-ABFD-85D79BED4D1D}"
EndProject
Project("{FAE04EC0-301F-11D3-BF4B-00C04F79EFBC}") = "MoneyManager.Application", "services\MoneyManager\MoneyManager.Application\MoneyManager.Application.csproj", "{F59C8656-4998-4C78-BB2F-32833DE3A1B6}"
EndProject
Project("{FAE04EC0-301F-11D3-BF4B-00C04F79EFBC}") = "MoneyManager.Domain", "services\MoneyManager\MoneyManager.Domain\MoneyManager.Domain.csproj", "{C76C0F1B-B615-4E4B-BBB6-8F2D732C07F0}"
EndProject
Project("{FAE04EC0-301F-11D3-BF4B-00C04F79EFBC}") = "MoneyManager.EventProcessor", "services\MoneyManager\MoneyManager.EventProcessor\MoneyManager.EventProcessor.csproj", "{5E1F03A5-DEDE-49E5-B498-4CCCD55B6BDD}"
EndProject
Project("{FAE04EC0-301F-11D3-BF4B-00C04F79EFBC}") = "MoneyManager.Infrastructure", "services\MoneyManager\MoneyManager.Infrastructure\MoneyManager.Infrastructure.csproj", "{7DD64705-12D4-4B79-B00D-9AEE5EA4E866}"
EndProject
Project("{FAE04EC0-301F-11D3-BF4B-00C04F79EFBC}") = "UserService.Proto", "services\MoneyManager\UserService.Proto\UserService.Proto.csproj", "{E6009524-28D2-4C7C-992D-3C37CEEFE4A8}"
EndProject
Project("{2150E333-8FDC-42A3-9474-1A3956D46DE8}") = "UserService", "UserService", "{BB9B0570-D764-F740-A1C1-3444BA1D5022}"
EndProject
Project("{FAE04EC0-301F-11D3-BF4B-00C04F79EFBC}") = "UserService.API", "services\UserService\UserService.API\UserService.API.csproj", "{1EA3099D-C72C-4817-9182-9F33E6581EFA}"
EndProject
Project("{FAE04EC0-301F-11D3-BF4B-00C04F79EFBC}") = "UserService.Application", "services\UserService\UserService.Application\UserService.Application.csproj", "{0409DDB6-B482-434C-AB99-9C1627F89591}"
EndProject
Project("{FAE04EC0-301F-11D3-BF4B-00C04F79EFBC}") = "UserService.Domain", "services\UserService\UserService.Domain\UserService.Domain.csproj", "{6FC93274-4FAC-45B9-A60E-1D811035C3F3}"
EndProject
Project("{FAE04EC0-301F-11D3-BF4B-00C04F79EFBC}") = "UserService.Infrastructure", "services\UserService\UserService.Infrastructure\UserService.Infrastructure.csproj", "{46BE8D49-7C90-4E48-A39E-C8AB9C0FAF39}"
EndProject
Project("{FAE04EC0-301F-11D3-BF4B-00C04F79EFBC}") = "UserService.Protos", "services\UserService\UserService.Protos\UserService.Protos.csproj", "{617A06D8-F2DB-4B22-953D-1AA5B0F2CCE9}"
EndProject
Project("{FAE04EC0-301F-11D3-BF4B-00C04F79EFBC}") = "MoneyManager.UnitTests", "MoneyManager.UnitTests\MoneyManager.UnitTests.csproj", "{9E7DC1D5-7513-4395-9A75-5794B81C2C8E}"
EndProject
Global
	GlobalSection(SolutionConfigurationPlatforms) = preSolution
		Debug|Any CPU = Debug|Any CPU
		Debug|x64 = Debug|x64
		Debug|x86 = Debug|x86
		Release|Any CPU = Release|Any CPU
		Release|x64 = Release|x64
		Release|x86 = Release|x86
	EndGlobalSection
	GlobalSection(ProjectConfigurationPlatforms) = postSolution
		{53ADA169-8C1D-4223-ABFD-85D79BED4D1D}.Debug|Any CPU.ActiveCfg = Debug|Any CPU
		{53ADA169-8C1D-4223-ABFD-85D79BED4D1D}.Debug|Any CPU.Build.0 = Debug|Any CPU
		{53ADA169-8C1D-4223-ABFD-85D79BED4D1D}.Debug|x64.ActiveCfg = Debug|Any CPU
		{53ADA169-8C1D-4223-ABFD-85D79BED4D1D}.Debug|x64.Build.0 = Debug|Any CPU
		{53ADA169-8C1D-4223-ABFD-85D79BED4D1D}.Debug|x86.ActiveCfg = Debug|Any CPU
		{53ADA169-8C1D-4223-ABFD-85D79BED4D1D}.Debug|x86.Build.0 = Debug|Any CPU
		{53ADA169-8C1D-4223-ABFD-85D79BED4D1D}.Release|Any CPU.ActiveCfg = Release|Any CPU
		{53ADA169-8C1D-4223-ABFD-85D79BED4D1D}.Release|Any CPU.Build.0 = Release|Any CPU
		{53ADA169-8C1D-4223-ABFD-85D79BED4D1D}.Release|x64.ActiveCfg = Release|Any CPU
		{53ADA169-8C1D-4223-ABFD-85D79BED4D1D}.Release|x64.Build.0 = Release|Any CPU
		{53ADA169-8C1D-4223-ABFD-85D79BED4D1D}.Release|x86.ActiveCfg = Release|Any CPU
		{53ADA169-8C1D-4223-ABFD-85D79BED4D1D}.Release|x86.Build.0 = Release|Any CPU
		{F59C8656-4998-4C78-BB2F-32833DE3A1B6}.Debug|Any CPU.ActiveCfg = Debug|Any CPU
		{F59C8656-4998-4C78-BB2F-32833DE3A1B6}.Debug|Any CPU.Build.0 = Debug|Any CPU
		{F59C8656-4998-4C78-BB2F-32833DE3A1B6}.Debug|x64.ActiveCfg = Debug|Any CPU
		{F59C8656-4998-4C78-BB2F-32833DE3A1B6}.Debug|x64.Build.0 = Debug|Any CPU
		{F59C8656-4998-4C78-BB2F-32833DE3A1B6}.Debug|x86.ActiveCfg = Debug|Any CPU
		{F59C8656-4998-4C78-BB2F-32833DE3A1B6}.Debug|x86.Build.0 = Debug|Any CPU
		{F59C8656-4998-4C78-BB2F-32833DE3A1B6}.Release|Any CPU.ActiveCfg = Release|Any CPU
		{F59C8656-4998-4C78-BB2F-32833DE3A1B6}.Release|Any CPU.Build.0 = Release|Any CPU
		{F59C8656-4998-4C78-BB2F-32833DE3A1B6}.Release|x64.ActiveCfg = Release|Any CPU
		{F59C8656-4998-4C78-BB2F-32833DE3A1B6}.Release|x64.Build.0 = Release|Any CPU
		{F59C8656-4998-4C78-BB2F-32833DE3A1B6}.Release|x86.ActiveCfg = Release|Any CPU
		{F59C8656-4998-4C78-BB2F-32833DE3A1B6}.Release|x86.Build.0 = Release|Any CPU
		{C76C0F1B-B615-4E4B-BBB6-8F2D732C07F0}.Debug|Any CPU.ActiveCfg = Debug|Any CPU
		{C76C0F1B-B615-4E4B-BBB6-8F2D732C07F0}.Debug|Any CPU.Build.0 = Debug|Any CPU
		{C76C0F1B-B615-4E4B-BBB6-8F2D732C07F0}.Debug|x64.ActiveCfg = Debug|Any CPU
		{C76C0F1B-B615-4E4B-BBB6-8F2D732C07F0}.Debug|x64.Build.0 = Debug|Any CPU
		{C76C0F1B-B615-4E4B-BBB6-8F2D732C07F0}.Debug|x86.ActiveCfg = Debug|Any CPU
		{C76C0F1B-B615-4E4B-BBB6-8F2D732C07F0}.Debug|x86.Build.0 = Debug|Any CPU
		{C76C0F1B-B615-4E4B-BBB6-8F2D732C07F0}.Release|Any CPU.ActiveCfg = Release|Any CPU
		{C76C0F1B-B615-4E4B-BBB6-8F2D732C07F0}.Release|Any CPU.Build.0 = Release|Any CPU
		{C76C0F1B-B615-4E4B-BBB6-8F2D732C07F0}.Release|x64.ActiveCfg = Release|Any CPU
		{C76C0F1B-B615-4E4B-BBB6-8F2D732C07F0}.Release|x64.Build.0 = Release|Any CPU
		{C76C0F1B-B615-4E4B-BBB6-8F2D732C07F0}.Release|x86.ActiveCfg = Release|Any CPU
		{C76C0F1B-B615-4E4B-BBB6-8F2D732C07F0}.Release|x86.Build.0 = Release|Any CPU
		{5E1F03A5-DEDE-49E5-B498-4CCCD55B6BDD}.Debug|Any CPU.ActiveCfg = Debug|Any CPU
		{5E1F03A5-DEDE-49E5-B498-4CCCD55B6BDD}.Debug|Any CPU.Build.0 = Debug|Any CPU
		{5E1F03A5-DEDE-49E5-B498-4CCCD55B6BDD}.Debug|x64.ActiveCfg = Debug|Any CPU
		{5E1F03A5-DEDE-49E5-B498-4CCCD55B6BDD}.Debug|x64.Build.0 = Debug|Any CPU
		{5E1F03A5-DEDE-49E5-B498-4CCCD55B6BDD}.Debug|x86.ActiveCfg = Debug|Any CPU
		{5E1F03A5-DEDE-49E5-B498-4CCCD55B6BDD}.Debug|x86.Build.0 = Debug|Any CPU
		{5E1F03A5-DEDE-49E5-B498-4CCCD55B6BDD}.Release|Any CPU.ActiveCfg = Release|Any CPU
		{5E1F03A5-DEDE-49E5-B498-4CCCD55B6BDD}.Release|Any CPU.Build.0 = Release|Any CPU
		{5E1F03A5-DEDE-49E5-B498-4CCCD55B6BDD}.Release|x64.ActiveCfg = Release|Any CPU
		{5E1F03A5-DEDE-49E5-B498-4CCCD55B6BDD}.Release|x64.Build.0 = Release|Any CPU
		{5E1F03A5-DEDE-49E5-B498-4CCCD55B6BDD}.Release|x86.ActiveCfg = Release|Any CPU
		{5E1F03A5-DEDE-49E5-B498-4CCCD55B6BDD}.Release|x86.Build.0 = Release|Any CPU
		{7DD64705-12D4-4B79-B00D-9AEE5EA4E866}.Debug|Any CPU.ActiveCfg = Debug|Any CPU
		{7DD64705-12D4-4B79-B00D-9AEE5EA4E866}.Debug|Any CPU.Build.0 = Debug|Any CPU
		{7DD64705-12D4-4B79-B00D-9AEE5EA4E866}.Debug|x64.ActiveCfg = Debug|Any CPU
		{7DD64705-12D4-4B79-B00D-9AEE5EA4E866}.Debug|x64.Build.0 = Debug|Any CPU
		{7DD64705-12D4-4B79-B00D-9AEE5EA4E866}.Debug|x86.ActiveCfg = Debug|Any CPU
		{7DD64705-12D4-4B79-B00D-9AEE5EA4E866}.Debug|x86.Build.0 = Debug|Any CPU
		{7DD64705-12D4-4B79-B00D-9AEE5EA4E866}.Release|Any CPU.ActiveCfg = Release|Any CPU
		{7DD64705-12D4-4B79-B00D-9AEE5EA4E866}.Release|Any CPU.Build.0 = Release|Any CPU
		{7DD64705-12D4-4B79-B00D-9AEE5EA4E866}.Release|x64.ActiveCfg = Release|Any CPU
		{7DD64705-12D4-4B79-B00D-9AEE5EA4E866}.Release|x64.Build.0 = Release|Any CPU
		{7DD64705-12D4-4B79-B00D-9AEE5EA4E866}.Release|x86.ActiveCfg = Release|Any CPU
		{7DD64705-12D4-4B79-B00D-9AEE5EA4E866}.Release|x86.Build.0 = Release|Any CPU
		{E6009524-28D2-4C7C-992D-3C37CEEFE4A8}.Debug|Any CPU.ActiveCfg = Debug|Any CPU
		{E6009524-28D2-4C7C-992D-3C37CEEFE4A8}.Debug|Any CPU.Build.0 = Debug|Any CPU
		{E6009524-28D2-4C7C-992D-3C37CEEFE4A8}.Debug|x64.ActiveCfg = Debug|Any CPU
		{E6009524-28D2-4C7C-992D-3C37CEEFE4A8}.Debug|x64.Build.0 = Debug|Any CPU
		{E6009524-28D2-4C7C-992D-3C37CEEFE4A8}.Debug|x86.ActiveCfg = Debug|Any CPU
		{E6009524-28D2-4C7C-992D-3C37CEEFE4A8}.Debug|x86.Build.0 = Debug|Any CPU
		{E6009524-28D2-4C7C-992D-3C37CEEFE4A8}.Release|Any CPU.ActiveCfg = Release|Any CPU
		{E6009524-28D2-4C7C-992D-3C37CEEFE4A8}.Release|Any CPU.Build.0 = Release|Any CPU
		{E6009524-28D2-4C7C-992D-3C37CEEFE4A8}.Release|x64.ActiveCfg = Release|Any CPU
		{E6009524-28D2-4C7C-992D-3C37CEEFE4A8}.Release|x64.Build.0 = Release|Any CPU
		{E6009524-28D2-4C7C-992D-3C37CEEFE4A8}.Release|x86.ActiveCfg = Release|Any CPU
		{E6009524-28D2-4C7C-992D-3C37CEEFE4A8}.Release|x86.Build.0 = Release|Any CPU
		{1EA3099D-C72C-4817-9182-9F33E6581EFA}.Debug|Any CPU.ActiveCfg = Debug|Any CPU
		{1EA3099D-C72C-4817-9182-9F33E6581EFA}.Debug|Any CPU.Build.0 = Debug|Any CPU
		{1EA3099D-C72C-4817-9182-9F33E6581EFA}.Debug|x64.ActiveCfg = Debug|Any CPU
		{1EA3099D-C72C-4817-9182-9F33E6581EFA}.Debug|x64.Build.0 = Debug|Any CPU
		{1EA3099D-C72C-4817-9182-9F33E6581EFA}.Debug|x86.ActiveCfg = Debug|Any CPU
		{1EA3099D-C72C-4817-9182-9F33E6581EFA}.Debug|x86.Build.0 = Debug|Any CPU
		{1EA3099D-C72C-4817-9182-9F33E6581EFA}.Release|Any CPU.ActiveCfg = Release|Any CPU
		{1EA3099D-C72C-4817-9182-9F33E6581EFA}.Release|Any CPU.Build.0 = Release|Any CPU
		{1EA3099D-C72C-4817-9182-9F33E6581EFA}.Release|x64.ActiveCfg = Release|Any CPU
		{1EA3099D-C72C-4817-9182-9F33E6581EFA}.Release|x64.Build.0 = Release|Any CPU
		{1EA3099D-C72C-4817-9182-9F33E6581EFA}.Release|x86.ActiveCfg = Release|Any CPU
		{1EA3099D-C72C-4817-9182-9F33E6581EFA}.Release|x86.Build.0 = Release|Any CPU
		{0409DDB6-B482-434C-AB99-9C1627F89591}.Debug|Any CPU.ActiveCfg = Debug|Any CPU
		{0409DDB6-B482-434C-AB99-9C1627F89591}.Debug|Any CPU.Build.0 = Debug|Any CPU
		{0409DDB6-B482-434C-AB99-9C1627F89591}.Debug|x64.ActiveCfg = Debug|Any CPU
		{0409DDB6-B482-434C-AB99-9C1627F89591}.Debug|x64.Build.0 = Debug|Any CPU
		{0409DDB6-B482-434C-AB99-9C1627F89591}.Debug|x86.ActiveCfg = Debug|Any CPU
		{0409DDB6-B482-434C-AB99-9C1627F89591}.Debug|x86.Build.0 = Debug|Any CPU
		{0409DDB6-B482-434C-AB99-9C1627F89591}.Release|Any CPU.ActiveCfg = Release|Any CPU
		{0409DDB6-B482-434C-AB99-9C1627F89591}.Release|Any CPU.Build.0 = Release|Any CPU
		{0409DDB6-B482-434C-AB99-9C1627F89591}.Release|x64.ActiveCfg = Release|Any CPU
		{0409DDB6-B482-434C-AB99-9C1627F89591}.Release|x64.Build.0 = Release|Any CPU
		{0409DDB6-B482-434C-AB99-9C1627F89591}.Release|x86.ActiveCfg = Release|Any CPU
		{0409DDB6-B482-434C-AB99-9C1627F89591}.Release|x86.Build.0 = Release|Any CPU
		{6FC93274-4FAC-45B9-A60E-1D811035C3F3}.Debug|Any CPU.ActiveCfg = Debug|Any CPU
		{6FC93274-4FAC-45B9-A60E-1D811035C3F3}.Debug|Any CPU.Build.0 = Debug|Any CPU
		{6FC93274-4FAC-45B9-A60E-1D811035C3F3}.Debug|x64.ActiveCfg = Debug|Any CPU
		{6FC93274-4FAC-45B9-A60E-1D811035C3F3}.Debug|x64.Build.0 = Debug|Any CPU
		{6FC93274-4FAC-45B9-A60E-1D811035C3F3}.Debug|x86.ActiveCfg = Debug|Any CPU
		{6FC93274-4FAC-45B9-A60E-1D811035C3F3}.Debug|x86.Build.0 = Debug|Any CPU
		{6FC93274-4FAC-45B9-A60E-1D811035C3F3}.Release|Any CPU.ActiveCfg = Release|Any CPU
		{6FC93274-4FAC-45B9-A60E-1D811035C3F3}.Release|Any CPU.Build.0 = Release|Any CPU
		{6FC93274-4FAC-45B9-A60E-1D811035C3F3}.Release|x64.ActiveCfg = Release|Any CPU
		{6FC93274-4FAC-45B9-A60E-1D811035C3F3}.Release|x64.Build.0 = Release|Any CPU
		{6FC93274-4FAC-45B9-A60E-1D811035C3F3}.Release|x86.ActiveCfg = Release|Any CPU
		{6FC93274-4FAC-45B9-A60E-1D811035C3F3}.Release|x86.Build.0 = Release|Any CPU
		{46BE8D49-7C90-4E48-A39E-C8AB9C0FAF39}.Debug|Any CPU.ActiveCfg = Debug|Any CPU
		{46BE8D49-7C90-4E48-A39E-C8AB9C0FAF39}.Debug|Any CPU.Build.0 = Debug|Any CPU
		{46BE8D49-7C90-4E48-A39E-C8AB9C0FAF39}.Debug|x64.ActiveCfg = Debug|Any CPU
		{46BE8D49-7C90-4E48-A39E-C8AB9C0FAF39}.Debug|x64.Build.0 = Debug|Any CPU
		{46BE8D49-7C90-4E48-A39E-C8AB9C0FAF39}.Debug|x86.ActiveCfg = Debug|Any CPU
		{46BE8D49-7C90-4E48-A39E-C8AB9C0FAF39}.Debug|x86.Build.0 = Debug|Any CPU
		{46BE8D49-7C90-4E48-A39E-C8AB9C0FAF39}.Release|Any CPU.ActiveCfg = Release|Any CPU
		{46BE8D49-7C90-4E48-A39E-C8AB9C0FAF39}.Release|Any CPU.Build.0 = Release|Any CPU
		{46BE8D49-7C90-4E48-A39E-C8AB9C0FAF39}.Release|x64.ActiveCfg = Release|Any CPU
		{46BE8D49-7C90-4E48-A39E-C8AB9C0FAF39}.Release|x64.Build.0 = Release|Any CPU
		{46BE8D49-7C90-4E48-A39E-C8AB9C0FAF39}.Release|x86.ActiveCfg = Release|Any CPU
		{46BE8D49-7C90-4E48-A39E-C8AB9C0FAF39}.Release|x86.Build.0 = Release|Any CPU
		{617A06D8-F2DB-4B22-953D-1AA5B0F2CCE9}.Debug|Any CPU.ActiveCfg = Debug|Any CPU
		{617A06D8-F2DB-4B22-953D-1AA5B0F2CCE9}.Debug|Any CPU.Build.0 = Debug|Any CPU
		{617A06D8-F2DB-4B22-953D-1AA5B0F2CCE9}.Debug|x64.ActiveCfg = Debug|Any CPU
		{617A06D8-F2DB-4B22-953D-1AA5B0F2CCE9}.Debug|x64.Build.0 = Debug|Any CPU
		{617A06D8-F2DB-4B22-953D-1AA5B0F2CCE9}.Debug|x86.ActiveCfg = Debug|Any CPU
		{617A06D8-F2DB-4B22-953D-1AA5B0F2CCE9}.Debug|x86.Build.0 = Debug|Any CPU
		{617A06D8-F2DB-4B22-953D-1AA5B0F2CCE9}.Release|Any CPU.ActiveCfg = Release|Any CPU
		{617A06D8-F2DB-4B22-953D-1AA5B0F2CCE9}.Release|Any CPU.Build.0 = Release|Any CPU
		{617A06D8-F2DB-4B22-953D-1AA5B0F2CCE9}.Release|x64.ActiveCfg = Release|Any CPU
		{617A06D8-F2DB-4B22-953D-1AA5B0F2CCE9}.Release|x64.Build.0 = Release|Any CPU
		{617A06D8-F2DB-4B22-953D-1AA5B0F2CCE9}.Release|x86.ActiveCfg = Release|Any CPU
		{617A06D8-F2DB-4B22-953D-1AA5B0F2CCE9}.Release|x86.Build.0 = Release|Any CPU
		{9E7DC1D5-7513-4395-9A75-5794B81C2C8E}.Debug|Any CPU.ActiveCfg = Debug|Any CPU
		{9E7DC1D5-7513-4395-9A75-5794B81C2C8E}.Debug|Any CPU.Build.0 = Debug|Any CPU
		{9E7DC1D5-7513-4395-9A75-5794B81C2C8E}.Debug|x64.ActiveCfg = Debug|Any CPU
		{9E7DC1D5-7513-4395-9A75-5794B81C2C8E}.Debug|x64.Build.0 = Debug|Any CPU
		{9E7DC1D5-7513-4395-9A75-5794B81C2C8E}.Debug|x86.ActiveCfg = Debug|Any CPU
		{9E7DC1D5-7513-4395-9A75-5794B81C2C8E}.Debug|x86.Build.0 = Debug|Any CPU
		{9E7DC1D5-7513-4395-9A75-5794B81C2C8E}.Release|Any CPU.ActiveCfg = Release|Any CPU
		{9E7DC1D5-7513-4395-9A75-5794B81C2C8E}.Release|Any CPU.Build.0 = Release|Any CPU
		{9E7DC1D5-7513-4395-9A75-5794B81C2C8E}.Release|x64.ActiveCfg = Release|Any CPU
		{9E7DC1D5-7513-4395-9A75-5794B81C2C8E}.Release|x64.Build.0 = Release|Any CPU
		{9E7DC1D5-7513-4395-9A75-5794B81C2C8E}.Release|x86.ActiveCfg = Release|Any CPU
		{9E7DC1D5-7513-4395-9A75-5794B81C2C8E}.Release|x86.Build.0 = Release|Any CPU
	EndGlobalSection
	GlobalSection(SolutionProperties) = preSolution
		HideSolutionNode = FALSE
	EndGlobalSection
	GlobalSection(NestedProjects) = preSolution
		{38618EF1-5A56-9043-E3BF-A76200C35616} = {5854FF58-B8C5-05C6-5BF2-ACE42193F22B}
		{53ADA169-8C1D-4223-ABFD-85D79BED4D1D} = {38618EF1-5A56-9043-E3BF-A76200C35616}
		{F59C8656-4998-4C78-BB2F-32833DE3A1B6} = {38618EF1-5A56-9043-E3BF-A76200C35616}
		{C76C0F1B-B615-4E4B-BBB6-8F2D732C07F0} = {38618EF1-5A56-9043-E3BF-A76200C35616}
		{5E1F03A5-DEDE-49E5-B498-4CCCD55B6BDD} = {38618EF1-5A56-9043-E3BF-A76200C35616}
		{7DD64705-12D4-4B79-B00D-9AEE5EA4E866} = {38618EF1-5A56-9043-E3BF-A76200C35616}
		{E6009524-28D2-4C7C-992D-3C37CEEFE4A8} = {38618EF1-5A56-9043-E3BF-A76200C35616}
		{BB9B0570-D764-F740-A1C1-3444BA1D5022} = {5854FF58-B8C5-05C6-5BF2-ACE42193F22B}
		{1EA3099D-C72C-4817-9182-9F33E6581EFA} = {BB9B0570-D764-F740-A1C1-3444BA1D5022}
		{0409DDB6-B482-434C-AB99-9C1627F89591} = {BB9B0570-D764-F740-A1C1-3444BA1D5022}
		{6FC93274-4FAC-45B9-A60E-1D811035C3F3} = {BB9B0570-D764-F740-A1C1-3444BA1D5022}
		{46BE8D49-7C90-4E48-A39E-C8AB9C0FAF39} = {BB9B0570-D764-F740-A1C1-3444BA1D5022}
		{617A06D8-F2DB-4B22-953D-1AA5B0F2CCE9} = {BB9B0570-D764-F740-A1C1-3444BA1D5022}
		{9E7DC1D5-7513-4395-9A75-5794B81C2C8E} = {38618EF1-5A56-9043-E3BF-A76200C35616}
	EndGlobalSection
EndGlobal
