
Microsoft Visual Studio Solution File, Format Version 12.00
# Visual Studio Version 17
VisualStudioVersion = 17.0.31903.59
MinimumVisualStudioVersion = 10.0.40219.1
Project("{2150E333-8FDC-42A3-9474-1A3956D46DE8}") = "services", "services", "{5854FF58-B8C5-05C6-5BF2-ACE42193F22B}"
EndProject
Project("{2150E333-8FDC-42A3-9474-1A3956D46DE8}") = "MoneyManager", "MoneyManager", "{38618EF1-5A56-9043-E3BF-A76200C35616}"
EndProject
Project("{FAE04EC0-301F-11D3-BF4B-00C04F79EFBC}") = "MoneyManager.API", "services\MoneyManager\MoneyManager.API\MoneyManager.API.csproj", "{53ADA169-8C1D-4223-ABFD-85D79BED4D1D}"
EndProject
Project("{FAE04EC0-301F-11D3-BF4B-00C04F79EFBC}") = "MoneyManager.Application", "services\MoneyManager\MoneyManager.Application\MoneyManager.Application.csproj", "{F59C8656-4998-4C78-BB2F-32833DE3A1B6}"
EndProject
Project("{FAE04EC0-301F-11D3-BF4B-00C04F79EFBC}") = "MoneyManager.Domain", "services\MoneyManager\MoneyManager.Domain\MoneyManager.Domain.csproj", "{C76C0F1B-B615-4E4B-BBB6-8F2D732C07F0}"
EndProject
Project("{FAE04EC0-301F-11D3-BF4B-00C04F79EFBC}") = "MoneyManager.Infrastructure", "services\MoneyManager\MoneyManager.Infrastructure\MoneyManager.Infrastructure.csproj", "{7DD64705-12D4-4B79-B00D-9AEE5EA4E866}"
EndProject
Project("{FAE04EC0-301F-11D3-BF4B-00C04F79EFBC}") = "UserService.Proto", "services\MoneyManager\UserService.Proto\UserService.Proto.csproj", "{E6009524-28D2-4C7C-992D-3C37CEEFE4A8}"
EndProject
Project("{2150E333-8FDC-42A3-9474-1A3956D46DE8}") = "UserService", "UserService", "{BB9B0570-D764-F740-A1C1-3444BA1D5022}"
EndProject
Project("{FAE04EC0-301F-11D3-BF4B-00C04F79EFBC}") = "UserService.API", "services\UserService\UserService.API\UserService.API.csproj", "{1EA3099D-C72C-4817-9182-9F33E6581EFA}"
EndProject
Project("{FAE04EC0-301F-11D3-BF4B-00C04F79EFBC}") = "UserService.Application", "services\UserService\UserService.Application\UserService.Application.csproj", "{0409DDB6-B482-434C-AB99-9C1627F89591}"
EndProject
Project("{FAE04EC0-301F-11D3-BF4B-00C04F79EFBC}") = "UserService.Domain", "services\UserService\UserService.Domain\UserService.Domain.csproj", "{6FC93274-4FAC-45B9-A60E-1D811035C3F3}"
EndProject
Project("{FAE04EC0-301F-11D3-BF4B-00C04F79EFBC}") = "UserService.Infrastructure", "services\UserService\UserService.Infrastructure\UserService.Infrastructure.csproj", "{46BE8D49-7C90-4E48-A39E-C8AB9C0FAF39}"
EndProject
Project("{FAE04EC0-301F-11D3-BF4B-00C04F79EFBC}") = "UserService.Protos", "services\UserService\UserService.Protos\UserService.Protos.csproj", "{617A06D8-F2DB-4B22-953D-1AA5B0F2CCE9}"
EndProject
Project("{FAE04EC0-301F-11D3-BF4B-00C04F79EFBC}") = "MoneyManager.UnitTests", "services\MoneyManager\MoneyManager.UnitTests\MoneyManager.UnitTests.csproj", "{F801463A-6D65-4ADE-A380-B3FB156E506D}"
EndProject
Project("{FAE04EC0-301F-11D3-BF4B-00C04F79EFBC}") = "MoneyManager.IntegrationTests", "services\MoneyManager\MoneyManager.IntegrationTests\MoneyManager.IntegrationTests.csproj", "{32314DDC-206D-495A-9D1D-91CCB27FEC32}"
EndProject
Project("{FAE04EC0-301F-11D3-BF4B-00C04F79EFBC}") = "MoneyManager.Messaging.RabbitMQ", "services\MoneyManager.Messaging.RabbitMQ\MoneyManager.Messaging.RabbitMQ.csproj", "{D516ACDB-BB51-4A80-A56E-02FA8EFA917D}"
EndProject
Project("{FAE04EC0-301F-11D3-BF4B-00C04F79EFBC}") = "UserService.UnitTests", "services\UserService\UserService.UnitTests\UserService.UnitTests.csproj", "{C4382320-EF2A-4522-B0F2-6D4659CE046A}"
EndProject
Project("{2150E333-8FDC-42A3-9474-1A3956D46DE8}") = "NotificationService", "NotificationService", "{74E836B4-46B0-66C7-E002-0B58C90F8616}"
EndProject
Project("{FAE04EC0-301F-11D3-BF4B-00C04F79EFBC}") = "NotificationService.Infrastructure", "services\NotificationService\NotificationService.Infrastructure\NotificationService.Infrastructure.csproj", "{A2E6BBB0-E130-42C6-9AD4-30C5F2F16B5E}"
EndProject
Project("{FAE04EC0-301F-11D3-BF4B-00C04F79EFBC}") = "NotificationService.Domain", "services\NotificationService\NotificationService.Domain\NotificationService.Domain.csproj", "{92E7B1C4-C4C4-423F-A15E-DE627F9D23A2}"
EndProject
Project("{FAE04EC0-301F-11D3-BF4B-00C04F79EFBC}") = "NotificationService.API", "services\NotificationService\NotificationService.API\NotificationService.API.csproj", "{F77C4D67-2480-40A3-A609-88BC2BA22C1C}"
EndProject
Project("{FAE04EC0-301F-11D3-BF4B-00C04F79EFBC}") = "NotificationService.Application", "services\NotificationService\NotificationService.Application\NotificationService.Application.csproj", "{28C98405-E6D1-4FB4-BAB9-CE2F165BD1DD}"
EndProject
Project("{FAE04EC0-301F-11D3-BF4B-00C04F79EFBC}") = "Events", "services\Events\Events.csproj", "{908F2A50-C52C-4460-B814-B992520BB654}"
EndProject
Global
	GlobalSection(SolutionConfigurationPlatforms) = preSolution
		Debug|Any CPU = Debug|Any CPU
		Debug|x64 = Debug|x64
		Debug|x86 = Debug|x86
		Release|Any CPU = Release|Any CPU
		Release|x64 = Release|x64
		Release|x86 = Release|x86
	EndGlobalSection
	GlobalSection(ProjectConfigurationPlatforms) = postSolution
		{53ADA169-8C1D-4223-ABFD-85D79BED4D1D}.Debug|Any CPU.ActiveCfg = Debug|Any CPU
		{53ADA169-8C1D-4223-ABFD-85D79BED4D1D}.Debug|Any CPU.Build.0 = Debug|Any CPU
		{53ADA169-8C1D-4223-ABFD-85D79BED4D1D}.Debug|x64.ActiveCfg = Debug|Any CPU
		{53ADA169-8C1D-4223-ABFD-85D79BED4D1D}.Debug|x64.Build.0 = Debug|Any CPU
		{53ADA169-8C1D-4223-ABFD-85D79BED4D1D}.Debug|x86.ActiveCfg = Debug|Any CPU
		{53ADA169-8C1D-4223-ABFD-85D79BED4D1D}.Debug|x86.Build.0 = Debug|Any CPU
		{53ADA169-8C1D-4223-ABFD-85D79BED4D1D}.Release|Any CPU.ActiveCfg = Release|Any CPU
		{53ADA169-8C1D-4223-ABFD-85D79BED4D1D}.Release|Any CPU.Build.0 = Release|Any CPU
		{53ADA169-8C1D-4223-ABFD-85D79BED4D1D}.Release|x64.ActiveCfg = Release|Any CPU
		{53ADA169-8C1D-4223-ABFD-85D79BED4D1D}.Release|x64.Build.0 = Release|Any CPU
		{53ADA169-8C1D-4223-ABFD-85D79BED4D1D}.Release|x86.ActiveCfg = Release|Any CPU
		{53ADA169-8C1D-4223-ABFD-85D79BED4D1D}.Release|x86.Build.0 = Release|Any CPU
		{F59C8656-4998-4C78-BB2F-32833DE3A1B6}.Debug|Any CPU.ActiveCfg = Debug|Any CPU
		{F59C8656-4998-4C78-BB2F-32833DE3A1B6}.Debug|Any CPU.Build.0 = Debug|Any CPU
		{F59C8656-4998-4C78-BB2F-32833DE3A1B6}.Debug|x64.ActiveCfg = Debug|Any CPU
		{F59C8656-4998-4C78-BB2F-32833DE3A1B6}.Debug|x64.Build.0 = Debug|Any CPU
		{F59C8656-4998-4C78-BB2F-32833DE3A1B6}.Debug|x86.ActiveCfg = Debug|Any CPU
		{F59C8656-4998-4C78-BB2F-32833DE3A1B6}.Debug|x86.Build.0 = Debug|Any CPU
		{F59C8656-4998-4C78-BB2F-32833DE3A1B6}.Release|Any CPU.ActiveCfg = Release|Any CPU
		{F59C8656-4998-4C78-BB2F-32833DE3A1B6}.Release|Any CPU.Build.0 = Release|Any CPU
		{F59C8656-4998-4C78-BB2F-32833DE3A1B6}.Release|x64.ActiveCfg = Release|Any CPU
		{F59C8656-4998-4C78-BB2F-32833DE3A1B6}.Release|x64.Build.0 = Release|Any CPU
		{F59C8656-4998-4C78-BB2F-32833DE3A1B6}.Release|x86.ActiveCfg = Release|Any CPU
		{F59C8656-4998-4C78-BB2F-32833DE3A1B6}.Release|x86.Build.0 = Release|Any CPU
		{C76C0F1B-B615-4E4B-BBB6-8F2D732C07F0}.Debug|Any CPU.ActiveCfg = Debug|Any CPU
		{C76C0F1B-B615-4E4B-BBB6-8F2D732C07F0}.Debug|Any CPU.Build.0 = Debug|Any CPU
		{C76C0F1B-B615-4E4B-BBB6-8F2D732C07F0}.Debug|x64.ActiveCfg = Debug|Any CPU
		{C76C0F1B-B615-4E4B-BBB6-8F2D732C07F0}.Debug|x64.Build.0 = Debug|Any CPU
		{C76C0F1B-B615-4E4B-BBB6-8F2D732C07F0}.Debug|x86.ActiveCfg = Debug|Any CPU
		{C76C0F1B-B615-4E4B-BBB6-8F2D732C07F0}.Debug|x86.Build.0 = Debug|Any CPU
		{C76C0F1B-B615-4E4B-BBB6-8F2D732C07F0}.Release|Any CPU.ActiveCfg = Release|Any CPU
		{C76C0F1B-B615-4E4B-BBB6-8F2D732C07F0}.Release|Any CPU.Build.0 = Release|Any CPU
		{C76C0F1B-B615-4E4B-BBB6-8F2D732C07F0}.Release|x64.ActiveCfg = Release|Any CPU
		{C76C0F1B-B615-4E4B-BBB6-8F2D732C07F0}.Release|x64.Build.0 = Release|Any CPU
		{C76C0F1B-B615-4E4B-BBB6-8F2D732C07F0}.Release|x86.ActiveCfg = Release|Any CPU
		{C76C0F1B-B615-4E4B-BBB6-8F2D732C07F0}.Release|x86.Build.0 = Release|Any CPU
		{7DD64705-12D4-4B79-B00D-9AEE5EA4E866}.Debug|Any CPU.ActiveCfg = Debug|Any CPU
		{7DD64705-12D4-4B79-B00D-9AEE5EA4E866}.Debug|Any CPU.Build.0 = Debug|Any CPU
		{7DD64705-12D4-4B79-B00D-9AEE5EA4E866}.Debug|x64.ActiveCfg = Debug|Any CPU
		{7DD64705-12D4-4B79-B00D-9AEE5EA4E866}.Debug|x64.Build.0 = Debug|Any CPU
		{7DD64705-12D4-4B79-B00D-9AEE5EA4E866}.Debug|x86.ActiveCfg = Debug|Any CPU
		{7DD64705-12D4-4B79-B00D-9AEE5EA4E866}.Debug|x86.Build.0 = Debug|Any CPU
		{7DD64705-12D4-4B79-B00D-9AEE5EA4E866}.Release|Any CPU.ActiveCfg = Release|Any CPU
		{7DD64705-12D4-4B79-B00D-9AEE5EA4E866}.Release|Any CPU.Build.0 = Release|Any CPU
		{7DD64705-12D4-4B79-B00D-9AEE5EA4E866}.Release|x64.ActiveCfg = Release|Any CPU
		{7DD64705-12D4-4B79-B00D-9AEE5EA4E866}.Release|x64.Build.0 = Release|Any CPU
		{7DD64705-12D4-4B79-B00D-9AEE5EA4E866}.Release|x86.ActiveCfg = Release|Any CPU
		{7DD64705-12D4-4B79-B00D-9AEE5EA4E866}.Release|x86.Build.0 = Release|Any CPU
		{E6009524-28D2-4C7C-992D-3C37CEEFE4A8}.Debug|Any CPU.ActiveCfg = Debug|Any CPU
		{E6009524-28D2-4C7C-992D-3C37CEEFE4A8}.Debug|Any CPU.Build.0 = Debug|Any CPU
		{E6009524-28D2-4C7C-992D-3C37CEEFE4A8}.Debug|x64.ActiveCfg = Debug|Any CPU
		{E6009524-28D2-4C7C-992D-3C37CEEFE4A8}.Debug|x64.Build.0 = Debug|Any CPU
		{E6009524-28D2-4C7C-992D-3C37CEEFE4A8}.Debug|x86.ActiveCfg = Debug|Any CPU
		{E6009524-28D2-4C7C-992D-3C37CEEFE4A8}.Debug|x86.Build.0 = Debug|Any CPU
		{E6009524-28D2-4C7C-992D-3C37CEEFE4A8}.Release|Any CPU.ActiveCfg = Release|Any CPU
		{E6009524-28D2-4C7C-992D-3C37CEEFE4A8}.Release|Any CPU.Build.0 = Release|Any CPU
		{E6009524-28D2-4C7C-992D-3C37CEEFE4A8}.Release|x64.ActiveCfg = Release|Any CPU
		{E6009524-28D2-4C7C-992D-3C37CEEFE4A8}.Release|x64.Build.0 = Release|Any CPU
		{E6009524-28D2-4C7C-992D-3C37CEEFE4A8}.Release|x86.ActiveCfg = Release|Any CPU
		{E6009524-28D2-4C7C-992D-3C37CEEFE4A8}.Release|x86.Build.0 = Release|Any CPU
		{1EA3099D-C72C-4817-9182-9F33E6581EFA}.Debug|Any CPU.ActiveCfg = Debug|Any CPU
		{1EA3099D-C72C-4817-9182-9F33E6581EFA}.Debug|Any CPU.Build.0 = Debug|Any CPU
		{1EA3099D-C72C-4817-9182-9F33E6581EFA}.Debug|x64.ActiveCfg = Debug|Any CPU
		{1EA3099D-C72C-4817-9182-9F33E6581EFA}.Debug|x64.Build.0 = Debug|Any CPU
		{1EA3099D-C72C-4817-9182-9F33E6581EFA}.Debug|x86.ActiveCfg = Debug|Any CPU
		{1EA3099D-C72C-4817-9182-9F33E6581EFA}.Debug|x86.Build.0 = Debug|Any CPU
		{1EA3099D-C72C-4817-9182-9F33E6581EFA}.Release|Any CPU.ActiveCfg = Release|Any CPU
		{1EA3099D-C72C-4817-9182-9F33E6581EFA}.Release|Any CPU.Build.0 = Release|Any CPU
		{1EA3099D-C72C-4817-9182-9F33E6581EFA}.Release|x64.ActiveCfg = Release|Any CPU
		{1EA3099D-C72C-4817-9182-9F33E6581EFA}.Release|x64.Build.0 = Release|Any CPU
		{1EA3099D-C72C-4817-9182-9F33E6581EFA}.Release|x86.ActiveCfg = Release|Any CPU
		{1EA3099D-C72C-4817-9182-9F33E6581EFA}.Release|x86.Build.0 = Release|Any CPU
		{0409DDB6-B482-434C-AB99-9C1627F89591}.Debug|Any CPU.ActiveCfg = Debug|Any CPU
		{0409DDB6-B482-434C-AB99-9C1627F89591}.Debug|Any CPU.Build.0 = Debug|Any CPU
		{0409DDB6-B482-434C-AB99-9C1627F89591}.Debug|x64.ActiveCfg = Debug|Any CPU
		{0409DDB6-B482-434C-AB99-9C1627F89591}.Debug|x64.Build.0 = Debug|Any CPU
		{0409DDB6-B482-434C-AB99-9C1627F89591}.Debug|x86.ActiveCfg = Debug|Any CPU
		{0409DDB6-B482-434C-AB99-9C1627F89591}.Debug|x86.Build.0 = Debug|Any CPU
		{0409DDB6-B482-434C-AB99-9C1627F89591}.Release|Any CPU.ActiveCfg = Release|Any CPU
		{0409DDB6-B482-434C-AB99-9C1627F89591}.Release|Any CPU.Build.0 = Release|Any CPU
		{0409DDB6-B482-434C-AB99-9C1627F89591}.Release|x64.ActiveCfg = Release|Any CPU
		{0409DDB6-B482-434C-AB99-9C1627F89591}.Release|x64.Build.0 = Release|Any CPU
		{0409DDB6-B482-434C-AB99-9C1627F89591}.Release|x86.ActiveCfg = Release|Any CPU
		{0409DDB6-B482-434C-AB99-9C1627F89591}.Release|x86.Build.0 = Release|Any CPU
		{6FC93274-4FAC-45B9-A60E-1D811035C3F3}.Debug|Any CPU.ActiveCfg = Debug|Any CPU
		{6FC93274-4FAC-45B9-A60E-1D811035C3F3}.Debug|Any CPU.Build.0 = Debug|Any CPU
		{6FC93274-4FAC-45B9-A60E-1D811035C3F3}.Debug|x64.ActiveCfg = Debug|Any CPU
		{6FC93274-4FAC-45B9-A60E-1D811035C3F3}.Debug|x64.Build.0 = Debug|Any CPU
		{6FC93274-4FAC-45B9-A60E-1D811035C3F3}.Debug|x86.ActiveCfg = Debug|Any CPU
		{6FC93274-4FAC-45B9-A60E-1D811035C3F3}.Debug|x86.Build.0 = Debug|Any CPU
		{6FC93274-4FAC-45B9-A60E-1D811035C3F3}.Release|Any CPU.ActiveCfg = Release|Any CPU
		{6FC93274-4FAC-45B9-A60E-1D811035C3F3}.Release|Any CPU.Build.0 = Release|Any CPU
		{6FC93274-4FAC-45B9-A60E-1D811035C3F3}.Release|x64.ActiveCfg = Release|Any CPU
		{6FC93274-4FAC-45B9-A60E-1D811035C3F3}.Release|x64.Build.0 = Release|Any CPU
		{6FC93274-4FAC-45B9-A60E-1D811035C3F3}.Release|x86.ActiveCfg = Release|Any CPU
		{6FC93274-4FAC-45B9-A60E-1D811035C3F3}.Release|x86.Build.0 = Release|Any CPU
		{46BE8D49-7C90-4E48-A39E-C8AB9C0FAF39}.Debug|Any CPU.ActiveCfg = Debug|Any CPU
		{46BE8D49-7C90-4E48-A39E-C8AB9C0FAF39}.Debug|Any CPU.Build.0 = Debug|Any CPU
		{46BE8D49-7C90-4E48-A39E-C8AB9C0FAF39}.Debug|x64.ActiveCfg = Debug|Any CPU
		{46BE8D49-7C90-4E48-A39E-C8AB9C0FAF39}.Debug|x64.Build.0 = Debug|Any CPU
		{46BE8D49-7C90-4E48-A39E-C8AB9C0FAF39}.Debug|x86.ActiveCfg = Debug|Any CPU
		{46BE8D49-7C90-4E48-A39E-C8AB9C0FAF39}.Debug|x86.Build.0 = Debug|Any CPU
		{46BE8D49-7C90-4E48-A39E-C8AB9C0FAF39}.Release|Any CPU.ActiveCfg = Release|Any CPU
		{46BE8D49-7C90-4E48-A39E-C8AB9C0FAF39}.Release|Any CPU.Build.0 = Release|Any CPU
		{46BE8D49-7C90-4E48-A39E-C8AB9C0FAF39}.Release|x64.ActiveCfg = Release|Any CPU
		{46BE8D49-7C90-4E48-A39E-C8AB9C0FAF39}.Release|x64.Build.0 = Release|Any CPU
		{46BE8D49-7C90-4E48-A39E-C8AB9C0FAF39}.Release|x86.ActiveCfg = Release|Any CPU
		{46BE8D49-7C90-4E48-A39E-C8AB9C0FAF39}.Release|x86.Build.0 = Release|Any CPU
		{617A06D8-F2DB-4B22-953D-1AA5B0F2CCE9}.Debug|Any CPU.ActiveCfg = Debug|Any CPU
		{617A06D8-F2DB-4B22-953D-1AA5B0F2CCE9}.Debug|Any CPU.Build.0 = Debug|Any CPU
		{617A06D8-F2DB-4B22-953D-1AA5B0F2CCE9}.Debug|x64.ActiveCfg = Debug|Any CPU
		{617A06D8-F2DB-4B22-953D-1AA5B0F2CCE9}.Debug|x64.Build.0 = Debug|Any CPU
		{617A06D8-F2DB-4B22-953D-1AA5B0F2CCE9}.Debug|x86.ActiveCfg = Debug|Any CPU
		{617A06D8-F2DB-4B22-953D-1AA5B0F2CCE9}.Debug|x86.Build.0 = Debug|Any CPU
		{617A06D8-F2DB-4B22-953D-1AA5B0F2CCE9}.Release|Any CPU.ActiveCfg = Release|Any CPU
		{617A06D8-F2DB-4B22-953D-1AA5B0F2CCE9}.Release|Any CPU.Build.0 = Release|Any CPU
		{617A06D8-F2DB-4B22-953D-1AA5B0F2CCE9}.Release|x64.ActiveCfg = Release|Any CPU
		{617A06D8-F2DB-4B22-953D-1AA5B0F2CCE9}.Release|x64.Build.0 = Release|Any CPU
		{617A06D8-F2DB-4B22-953D-1AA5B0F2CCE9}.Release|x86.ActiveCfg = Release|Any CPU
		{617A06D8-F2DB-4B22-953D-1AA5B0F2CCE9}.Release|x86.Build.0 = Release|Any CPU
		{F801463A-6D65-4ADE-A380-B3FB156E506D}.Debug|Any CPU.ActiveCfg = Debug|Any CPU
		{F801463A-6D65-4ADE-A380-B3FB156E506D}.Debug|Any CPU.Build.0 = Debug|Any CPU
		{F801463A-6D65-4ADE-A380-B3FB156E506D}.Debug|x64.ActiveCfg = Debug|Any CPU
		{F801463A-6D65-4ADE-A380-B3FB156E506D}.Debug|x64.Build.0 = Debug|Any CPU
		{F801463A-6D65-4ADE-A380-B3FB156E506D}.Debug|x86.ActiveCfg = Debug|Any CPU
		{F801463A-6D65-4ADE-A380-B3FB156E506D}.Debug|x86.Build.0 = Debug|Any CPU
		{F801463A-6D65-4ADE-A380-B3FB156E506D}.Release|Any CPU.ActiveCfg = Release|Any CPU
		{F801463A-6D65-4ADE-A380-B3FB156E506D}.Release|Any CPU.Build.0 = Release|Any CPU
		{F801463A-6D65-4ADE-A380-B3FB156E506D}.Release|x64.ActiveCfg = Release|Any CPU
		{F801463A-6D65-4ADE-A380-B3FB156E506D}.Release|x64.Build.0 = Release|Any CPU
		{F801463A-6D65-4ADE-A380-B3FB156E506D}.Release|x86.ActiveCfg = Release|Any CPU
		{F801463A-6D65-4ADE-A380-B3FB156E506D}.Release|x86.Build.0 = Release|Any CPU
		{32314DDC-206D-495A-9D1D-91CCB27FEC32}.Debug|Any CPU.ActiveCfg = Debug|Any CPU
		{32314DDC-206D-495A-9D1D-91CCB27FEC32}.Debug|Any CPU.Build.0 = Debug|Any CPU
		{32314DDC-206D-495A-9D1D-91CCB27FEC32}.Debug|x64.ActiveCfg = Debug|Any CPU
		{32314DDC-206D-495A-9D1D-91CCB27FEC32}.Debug|x64.Build.0 = Debug|Any CPU
		{32314DDC-206D-495A-9D1D-91CCB27FEC32}.Debug|x86.ActiveCfg = Debug|Any CPU
		{32314DDC-206D-495A-9D1D-91CCB27FEC32}.Debug|x86.Build.0 = Debug|Any CPU
		{32314DDC-206D-495A-9D1D-91CCB27FEC32}.Release|Any CPU.ActiveCfg = Release|Any CPU
		{32314DDC-206D-495A-9D1D-91CCB27FEC32}.Release|Any CPU.Build.0 = Release|Any CPU
		{32314DDC-206D-495A-9D1D-91CCB27FEC32}.Release|x64.ActiveCfg = Release|Any CPU
		{32314DDC-206D-495A-9D1D-91CCB27FEC32}.Release|x64.Build.0 = Release|Any CPU
		{32314DDC-206D-495A-9D1D-91CCB27FEC32}.Release|x86.ActiveCfg = Release|Any CPU
		{32314DDC-206D-495A-9D1D-91CCB27FEC32}.Release|x86.Build.0 = Release|Any CPU
		{D516ACDB-BB51-4A80-A56E-02FA8EFA917D}.Debug|Any CPU.ActiveCfg = Debug|Any CPU
		{D516ACDB-BB51-4A80-A56E-02FA8EFA917D}.Debug|Any CPU.Build.0 = Debug|Any CPU
		{D516ACDB-BB51-4A80-A56E-02FA8EFA917D}.Debug|x64.ActiveCfg = Debug|Any CPU
		{D516ACDB-BB51-4A80-A56E-02FA8EFA917D}.Debug|x64.Build.0 = Debug|Any CPU
		{D516ACDB-BB51-4A80-A56E-02FA8EFA917D}.Debug|x86.ActiveCfg = Debug|Any CPU
		{D516ACDB-BB51-4A80-A56E-02FA8EFA917D}.Debug|x86.Build.0 = Debug|Any CPU
		{D516ACDB-BB51-4A80-A56E-02FA8EFA917D}.Release|Any CPU.ActiveCfg = Release|Any CPU
		{D516ACDB-BB51-4A80-A56E-02FA8EFA917D}.Release|Any CPU.Build.0 = Release|Any CPU
		{D516ACDB-BB51-4A80-A56E-02FA8EFA917D}.Release|x64.ActiveCfg = Release|Any CPU
		{D516ACDB-BB51-4A80-A56E-02FA8EFA917D}.Release|x64.Build.0 = Release|Any CPU
		{D516ACDB-BB51-4A80-A56E-02FA8EFA917D}.Release|x86.ActiveCfg = Release|Any CPU
		{D516ACDB-BB51-4A80-A56E-02FA8EFA917D}.Release|x86.Build.0 = Release|Any CPU
		{C4382320-EF2A-4522-B0F2-6D4659CE046A}.Debug|Any CPU.ActiveCfg = Debug|Any CPU
		{C4382320-EF2A-4522-B0F2-6D4659CE046A}.Debug|Any CPU.Build.0 = Debug|Any CPU
		{C4382320-EF2A-4522-B0F2-6D4659CE046A}.Debug|x64.ActiveCfg = Debug|Any CPU
		{C4382320-EF2A-4522-B0F2-6D4659CE046A}.Debug|x64.Build.0 = Debug|Any CPU
		{C4382320-EF2A-4522-B0F2-6D4659CE046A}.Debug|x86.ActiveCfg = Debug|Any CPU
		{C4382320-EF2A-4522-B0F2-6D4659CE046A}.Debug|x86.Build.0 = Debug|Any CPU
		{C4382320-EF2A-4522-B0F2-6D4659CE046A}.Release|Any CPU.ActiveCfg = Release|Any CPU
		{C4382320-EF2A-4522-B0F2-6D4659CE046A}.Release|Any CPU.Build.0 = Release|Any CPU
		{C4382320-EF2A-4522-B0F2-6D4659CE046A}.Release|x64.ActiveCfg = Release|Any CPU
		{C4382320-EF2A-4522-B0F2-6D4659CE046A}.Release|x64.Build.0 = Release|Any CPU
		{C4382320-EF2A-4522-B0F2-6D4659CE046A}.Release|x86.ActiveCfg = Release|Any CPU
		{C4382320-EF2A-4522-B0F2-6D4659CE046A}.Release|x86.Build.0 = Release|Any CPU
		{A2E6BBB0-E130-42C6-9AD4-30C5F2F16B5E}.Debug|Any CPU.ActiveCfg = Debug|Any CPU
		{A2E6BBB0-E130-42C6-9AD4-30C5F2F16B5E}.Debug|Any CPU.Build.0 = Debug|Any CPU
		{A2E6BBB0-E130-42C6-9AD4-30C5F2F16B5E}.Debug|x64.ActiveCfg = Debug|Any CPU
		{A2E6BBB0-E130-42C6-9AD4-30C5F2F16B5E}.Debug|x64.Build.0 = Debug|Any CPU
		{A2E6BBB0-E130-42C6-9AD4-30C5F2F16B5E}.Debug|x86.ActiveCfg = Debug|Any CPU
		{A2E6BBB0-E130-42C6-9AD4-30C5F2F16B5E}.Debug|x86.Build.0 = Debug|Any CPU
		{A2E6BBB0-E130-42C6-9AD4-30C5F2F16B5E}.Release|Any CPU.ActiveCfg = Release|Any CPU
		{A2E6BBB0-E130-42C6-9AD4-30C5F2F16B5E}.Release|Any CPU.Build.0 = Release|Any CPU
		{A2E6BBB0-E130-42C6-9AD4-30C5F2F16B5E}.Release|x64.ActiveCfg = Release|Any CPU
		{A2E6BBB0-E130-42C6-9AD4-30C5F2F16B5E}.Release|x64.Build.0 = Release|Any CPU
		{A2E6BBB0-E130-42C6-9AD4-30C5F2F16B5E}.Release|x86.ActiveCfg = Release|Any CPU
		{A2E6BBB0-E130-42C6-9AD4-30C5F2F16B5E}.Release|x86.Build.0 = Release|Any CPU
		{92E7B1C4-C4C4-423F-A15E-DE627F9D23A2}.Debug|Any CPU.ActiveCfg = Debug|Any CPU
		{92E7B1C4-C4C4-423F-A15E-DE627F9D23A2}.Debug|Any CPU.Build.0 = Debug|Any CPU
		{92E7B1C4-C4C4-423F-A15E-DE627F9D23A2}.Debug|x64.ActiveCfg = Debug|Any CPU
		{92E7B1C4-C4C4-423F-A15E-DE627F9D23A2}.Debug|x64.Build.0 = Debug|Any CPU
		{92E7B1C4-C4C4-423F-A15E-DE627F9D23A2}.Debug|x86.ActiveCfg = Debug|Any CPU
		{92E7B1C4-C4C4-423F-A15E-DE627F9D23A2}.Debug|x86.Build.0 = Debug|Any CPU
		{92E7B1C4-C4C4-423F-A15E-DE627F9D23A2}.Release|Any CPU.ActiveCfg = Release|Any CPU
		{92E7B1C4-C4C4-423F-A15E-DE627F9D23A2}.Release|Any CPU.Build.0 = Release|Any CPU
		{92E7B1C4-C4C4-423F-A15E-DE627F9D23A2}.Release|x64.ActiveCfg = Release|Any CPU
		{92E7B1C4-C4C4-423F-A15E-DE627F9D23A2}.Release|x64.Build.0 = Release|Any CPU
		{92E7B1C4-C4C4-423F-A15E-DE627F9D23A2}.Release|x86.ActiveCfg = Release|Any CPU
		{92E7B1C4-C4C4-423F-A15E-DE627F9D23A2}.Release|x86.Build.0 = Release|Any CPU
		{F77C4D67-2480-40A3-A609-88BC2BA22C1C}.Debug|Any CPU.ActiveCfg = Debug|Any CPU
		{F77C4D67-2480-40A3-A609-88BC2BA22C1C}.Debug|Any CPU.Build.0 = Debug|Any CPU
		{F77C4D67-2480-40A3-A609-88BC2BA22C1C}.Debug|x64.ActiveCfg = Debug|Any CPU
		{F77C4D67-2480-40A3-A609-88BC2BA22C1C}.Debug|x64.Build.0 = Debug|Any CPU
		{F77C4D67-2480-40A3-A609-88BC2BA22C1C}.Debug|x86.ActiveCfg = Debug|Any CPU
		{F77C4D67-2480-40A3-A609-88BC2BA22C1C}.Debug|x86.Build.0 = Debug|Any CPU
		{F77C4D67-2480-40A3-A609-88BC2BA22C1C}.Release|Any CPU.ActiveCfg = Release|Any CPU
		{F77C4D67-2480-40A3-A609-88BC2BA22C1C}.Release|Any CPU.Build.0 = Release|Any CPU
		{F77C4D67-2480-40A3-A609-88BC2BA22C1C}.Release|x64.ActiveCfg = Release|Any CPU
		{F77C4D67-2480-40A3-A609-88BC2BA22C1C}.Release|x64.Build.0 = Release|Any CPU
		{F77C4D67-2480-40A3-A609-88BC2BA22C1C}.Release|x86.ActiveCfg = Release|Any CPU
		{F77C4D67-2480-40A3-A609-88BC2BA22C1C}.Release|x86.Build.0 = Release|Any CPU
		{28C98405-E6D1-4FB4-BAB9-CE2F165BD1DD}.Debug|Any CPU.ActiveCfg = Debug|Any CPU
		{28C98405-E6D1-4FB4-BAB9-CE2F165BD1DD}.Debug|Any CPU.Build.0 = Debug|Any CPU
		{28C98405-E6D1-4FB4-BAB9-CE2F165BD1DD}.Debug|x64.ActiveCfg = Debug|Any CPU
		{28C98405-E6D1-4FB4-BAB9-CE2F165BD1DD}.Debug|x64.Build.0 = Debug|Any CPU
		{28C98405-E6D1-4FB4-BAB9-CE2F165BD1DD}.Debug|x86.ActiveCfg = Debug|Any CPU
		{28C98405-E6D1-4FB4-BAB9-CE2F165BD1DD}.Debug|x86.Build.0 = Debug|Any CPU
		{28C98405-E6D1-4FB4-BAB9-CE2F165BD1DD}.Release|Any CPU.ActiveCfg = Release|Any CPU
		{28C98405-E6D1-4FB4-BAB9-CE2F165BD1DD}.Release|Any CPU.Build.0 = Release|Any CPU
		{28C98405-E6D1-4FB4-BAB9-CE2F165BD1DD}.Release|x64.ActiveCfg = Release|Any CPU
		{28C98405-E6D1-4FB4-BAB9-CE2F165BD1DD}.Release|x64.Build.0 = Release|Any CPU
		{28C98405-E6D1-4FB4-BAB9-CE2F165BD1DD}.Release|x86.ActiveCfg = Release|Any CPU
		{28C98405-E6D1-4FB4-BAB9-CE2F165BD1DD}.Release|x86.Build.0 = Release|Any CPU
		{908F2A50-C52C-4460-B814-B992520BB654}.Debug|Any CPU.ActiveCfg = Debug|Any CPU
		{908F2A50-C52C-4460-B814-B992520BB654}.Debug|Any CPU.Build.0 = Debug|Any CPU
		{908F2A50-C52C-4460-B814-B992520BB654}.Debug|x64.ActiveCfg = Debug|Any CPU
		{908F2A50-C52C-4460-B814-B992520BB654}.Debug|x64.Build.0 = Debug|Any CPU
		{908F2A50-C52C-4460-B814-B992520BB654}.Debug|x86.ActiveCfg = Debug|Any CPU
		{908F2A50-C52C-4460-B814-B992520BB654}.Debug|x86.Build.0 = Debug|Any CPU
		{908F2A50-C52C-4460-B814-B992520BB654}.Release|Any CPU.ActiveCfg = Release|Any CPU
		{908F2A50-C52C-4460-B814-B992520BB654}.Release|Any CPU.Build.0 = Release|Any CPU
		{908F2A50-C52C-4460-B814-B992520BB654}.Release|x64.ActiveCfg = Release|Any CPU
		{908F2A50-C52C-4460-B814-B992520BB654}.Release|x64.Build.0 = Release|Any CPU
		{908F2A50-C52C-4460-B814-B992520BB654}.Release|x86.ActiveCfg = Release|Any CPU
		{908F2A50-C52C-4460-B814-B992520BB654}.Release|x86.Build.0 = Release|Any CPU
	EndGlobalSection
	GlobalSection(SolutionProperties) = preSolution
		HideSolutionNode = FALSE
	EndGlobalSection
	GlobalSection(NestedProjects) = preSolution
		{38618EF1-5A56-9043-E3BF-A76200C35616} = {5854FF58-B8C5-05C6-5BF2-ACE42193F22B}
		{53ADA169-8C1D-4223-ABFD-85D79BED4D1D} = {38618EF1-5A56-9043-E3BF-A76200C35616}
		{F59C8656-4998-4C78-BB2F-32833DE3A1B6} = {38618EF1-5A56-9043-E3BF-A76200C35616}
		{C76C0F1B-B615-4E4B-BBB6-8F2D732C07F0} = {38618EF1-5A56-9043-E3BF-A76200C35616}
		{7DD64705-12D4-4B79-B00D-9AEE5EA4E866} = {38618EF1-5A56-9043-E3BF-A76200C35616}
		{E6009524-28D2-4C7C-992D-3C37CEEFE4A8} = {38618EF1-5A56-9043-E3BF-A76200C35616}
		{BB9B0570-D764-F740-A1C1-3444BA1D5022} = {5854FF58-B8C5-05C6-5BF2-ACE42193F22B}
		{1EA3099D-C72C-4817-9182-9F33E6581EFA} = {BB9B0570-D764-F740-A1C1-3444BA1D5022}
		{0409DDB6-B482-434C-AB99-9C1627F89591} = {BB9B0570-D764-F740-A1C1-3444BA1D5022}
		{6FC93274-4FAC-45B9-A60E-1D811035C3F3} = {BB9B0570-D764-F740-A1C1-3444BA1D5022}
		{46BE8D49-7C90-4E48-A39E-C8AB9C0FAF39} = {BB9B0570-D764-F740-A1C1-3444BA1D5022}
		{617A06D8-F2DB-4B22-953D-1AA5B0F2CCE9} = {BB9B0570-D764-F740-A1C1-3444BA1D5022}
		{F801463A-6D65-4ADE-A380-B3FB156E506D} = {38618EF1-5A56-9043-E3BF-A76200C35616}
		{32314DDC-206D-495A-9D1D-91CCB27FEC32} = {38618EF1-5A56-9043-E3BF-A76200C35616}
		{D516ACDB-BB51-4A80-A56E-02FA8EFA917D} = {5854FF58-B8C5-05C6-5BF2-ACE42193F22B}
		{C4382320-EF2A-4522-B0F2-6D4659CE046A} = {BB9B0570-D764-F740-A1C1-3444BA1D5022}
		{74E836B4-46B0-66C7-E002-0B58C90F8616} = {5854FF58-B8C5-05C6-5BF2-ACE42193F22B}
		{A2E6BBB0-E130-42C6-9AD4-30C5F2F16B5E} = {74E836B4-46B0-66C7-E002-0B58C90F8616}
		{92E7B1C4-C4C4-423F-A15E-DE627F9D23A2} = {74E836B4-46B0-66C7-E002-0B58C90F8616}
		{F77C4D67-2480-40A3-A609-88BC2BA22C1C} = {74E836B4-46B0-66C7-E002-0B58C90F8616}
		{28C98405-E6D1-4FB4-BAB9-CE2F165BD1DD} = {74E836B4-46B0-66C7-E002-0B58C90F8616}
	EndGlobalSection
EndGlobal
